
Microsoft Visual Studio Solution File, Format Version 12.00
# Visual Studio Version 17
VisualStudioVersion = 17.11.35327.3
MinimumVisualStudioVersion = 10.0.40219.1
Project("{FAE04EC0-301F-11D3-BF4B-00C04F79EFBC}") = "SpriteAnimation", "SpriteAnimation\SpriteAnimation.csproj", "{AFB0648E-D344-4C69-ABD2-F85B4AA7F41B}"
EndProject
Global
	GlobalSection(SolutionConfigurationPlatforms) = preSolution
		Debug|Any CPU = Debug|Any CPU
		Release|Any CPU = Release|Any CPU
	EndGlobalSection
	GlobalSection(ProjectConfigurationPlatforms) = postSolution
		{AFB0648E-D344-4C69-ABD2-F85B4AA7F41B}.Debug|Any CPU.ActiveCfg = Debug|Any CPU
		{AFB0648E-D344-4C69-ABD2-F85B4AA7F41B}.Debug|Any CPU.Build.0 = Debug|Any CPU
		{AFB0648E-D344-4C69-ABD2-F85B4AA7F41B}.Release|Any CPU.ActiveCfg = Release|Any CPU
		{AFB0648E-D344-4C69-ABD2-F85B4AA7F41B}.Release|Any CPU.Build.0 = Release|Any CPU
	EndGlobalSection
	GlobalSection(SolutionProperties) = preSolution
		HideSolutionNode = FALSE
	EndGlobalSection
	GlobalSection(ExtensibilityGlobals) = postSolution
		SolutionGuid = {645669E4-E768-449E-ADBC-E12AC496E45F}
	EndGlobalSection
EndGlobal
